
Microsoft Visual Studio Solution File, Format Version 12.00
# Visual Studio Version 17
VisualStudioVersion = 17.4.33122.133
MinimumVisualStudioVersion = 10.0.40219.1
Project("{8BC9CEB8-8B4A-11D0-8D11-00A0C91BC942}") = "Day 1", "Day 1\Day 1.vcxproj", "{F496A36A-C81A-4E7A-A93B-F24C9577D30F}"
EndProject
Project("{8BC9CEB8-8B4A-11D0-8D11-00A0C91BC942}") = "Day 2", "Day 2\Day 2.vcxproj", "{CFEFC570-ACC1-4310-BD95-CFE495AE555E}"
EndProject
Project("{8BC9CEB8-8B4A-11D0-8D11-00A0C91BC942}") = "Day 3", "Day 3\Day 3.vcxproj", "{EA9F42FE-2C84-4A0D-8FBF-2171977BE352}"
EndProject
Project("{8BC9CEB8-8B4A-11D0-8D11-00A0C91BC942}") = "Day 4", "Day 4\Day 4.vcxproj", "{2C8E2C86-5BF7-4C9A-A433-7293FBDD27CF}"
EndProject
Project("{8BC9CEB8-8B4A-11D0-8D11-00A0C91BC942}") = "Day 5", "Day 5\Day 5.vcxproj", "{29F0151A-A960-49EA-BDB3-03FE0C6895CF}"
EndProject
Global
	GlobalSection(SolutionConfigurationPlatforms) = preSolution
		Debug|x64 = Debug|x64
		Debug|x86 = Debug|x86
		Release|x64 = Release|x64
		Release|x86 = Release|x86
	EndGlobalSection
	GlobalSection(ProjectConfigurationPlatforms) = postSolution
		{F496A36A-C81A-4E7A-A93B-F24C9577D30F}.Debug|x64.ActiveCfg = Debug|x64
		{F496A36A-C81A-4E7A-A93B-F24C9577D30F}.Debug|x64.Build.0 = Debug|x64
		{F496A36A-C81A-4E7A-A93B-F24C9577D30F}.Debug|x86.ActiveCfg = Debug|Win32
		{F496A36A-C81A-4E7A-A93B-F24C9577D30F}.Debug|x86.Build.0 = Debug|Win32
		{F496A36A-C81A-4E7A-A93B-F24C9577D30F}.Release|x64.ActiveCfg = Release|x64
		{F496A36A-C81A-4E7A-A93B-F24C9577D30F}.Release|x64.Build.0 = Release|x64
		{F496A36A-C81A-4E7A-A93B-F24C9577D30F}.Release|x86.ActiveCfg = Release|Win32
		{F496A36A-C81A-4E7A-A93B-F24C9577D30F}.Release|x86.Build.0 = Release|Win32
		{CFEFC570-ACC1-4310-BD95-CFE495AE555E}.Debug|x64.ActiveCfg = Debug|x64
		{CFEFC570-ACC1-4310-BD95-CFE495AE555E}.Debug|x64.Build.0 = Debug|x64
		{CFEFC570-ACC1-4310-BD95-CFE495AE555E}.Debug|x86.ActiveCfg = Debug|Win32
		{CFEFC570-ACC1-4310-BD95-CFE495AE555E}.Debug|x86.Build.0 = Debug|Win32
		{CFEFC570-ACC1-4310-BD95-CFE495AE555E}.Release|x64.ActiveCfg = Release|x64
		{CFEFC570-ACC1-4310-BD95-CFE495AE555E}.Release|x64.Build.0 = Release|x64
		{CFEFC570-ACC1-4310-BD95-CFE495AE555E}.Release|x86.ActiveCfg = Release|Win32
		{CFEFC570-ACC1-4310-BD95-CFE495AE555E}.Release|x86.Build.0 = Release|Win32
		{EA9F42FE-2C84-4A0D-8FBF-2171977BE352}.Debug|x64.ActiveCfg = Debug|x64
		{EA9F42FE-2C84-4A0D-8FBF-2171977BE352}.Debug|x64.Build.0 = Debug|x64
		{EA9F42FE-2C84-4A0D-8FBF-2171977BE352}.Debug|x86.ActiveCfg = Debug|Win32
		{EA9F42FE-2C84-4A0D-8FBF-2171977BE352}.Debug|x86.Build.0 = Debug|Win32
		{EA9F42FE-2C84-4A0D-8FBF-2171977BE352}.Release|x64.ActiveCfg = Release|x64
		{EA9F42FE-2C84-4A0D-8FBF-2171977BE352}.Release|x64.Build.0 = Release|x64
		{EA9F42FE-2C84-4A0D-8FBF-2171977BE352}.Release|x86.ActiveCfg = Release|Win32
		{EA9F42FE-2C84-4A0D-8FBF-2171977BE352}.Release|x86.Build.0 = Release|Win32
		{2C8E2C86-5BF7-4C9A-A433-7293FBDD27CF}.Debug|x64.ActiveCfg = Debug|x64
		{2C8E2C86-5BF7-4C9A-A433-7293FBDD27CF}.Debug|x64.Build.0 = Debug|x64
		{2C8E2C86-5BF7-4C9A-A433-7293FBDD27CF}.Debug|x86.ActiveCfg = Debug|Win32
		{2C8E2C86-5BF7-4C9A-A433-7293FBDD27CF}.Debug|x86.Build.0 = Debug|Win32
		{2C8E2C86-5BF7-4C9A-A433-7293FBDD27CF}.Release|x64.ActiveCfg = Release|x64
		{2C8E2C86-5BF7-4C9A-A433-7293FBDD27CF}.Release|x64.Build.0 = Release|x64
		{2C8E2C86-5BF7-4C9A-A433-7293FBDD27CF}.Release|x86.ActiveCfg = Release|Win32
		{2C8E2C86-5BF7-4C9A-A433-7293FBDD27CF}.Release|x86.Build.0 = Release|Win32
		{29F0151A-A960-49EA-BDB3-03FE0C6895CF}.Debug|x64.ActiveCfg = Debug|x64
		{29F0151A-A960-49EA-BDB3-03FE0C6895CF}.Debug|x64.Build.0 = Debug|x64
		{29F0151A-A960-49EA-BDB3-03FE0C6895CF}.Debug|x86.ActiveCfg = Debug|Win32
		{29F0151A-A960-49EA-BDB3-03FE0C6895CF}.Debug|x86.Build.0 = Debug|Win32
		{29F0151A-A960-49EA-BDB3-03FE0C6895CF}.Release|x64.ActiveCfg = Release|x64
		{29F0151A-A960-49EA-BDB3-03FE0C6895CF}.Release|x64.Build.0 = Release|x64
		{29F0151A-A960-49EA-BDB3-03FE0C6895CF}.Release|x86.ActiveCfg = Release|Win32
		{29F0151A-A960-49EA-BDB3-03FE0C6895CF}.Release|x86.Build.0 = Release|Win32
	EndGlobalSection
	GlobalSection(SolutionProperties) = preSolution
		HideSolutionNode = FALSE
	EndGlobalSection
	GlobalSection(ExtensibilityGlobals) = postSolution
		SolutionGuid = {A950B46E-5BBB-4739-BFA1-9816D674B080}
	EndGlobalSection
EndGlobal
